
Microsoft Visual Studio Solution File, Format Version 12.00
# Visual Studio Version 16
VisualStudioVersion = 16.0.30621.155
MinimumVisualStudioVersion = 10.0.40219.1
Project("{9A19103F-16F7-4668-BE54-9A1E7A4F7556}") = "AdditionalTask1(QSort)", "AdditionalTask1(QSort)\AdditionalTask1(QSort).csproj", "{F9D4943A-660C-45EE-AA80-26A698039FCD}"
EndProject
Project("{9A19103F-16F7-4668-BE54-9A1E7A4F7556}") = "Lesson2Task1(Implicit and explicit type casting)", "Lesson2Task1(Implicit and explicit type casting)\Lesson2Task1(Implicit and explicit type casting).csproj", "{D7ED96A4-B99E-4D21-A432-1A00A04B5D63}"
EndProject
Project("{9A19103F-16F7-4668-BE54-9A1E7A4F7556}") = "TaskFromLesson(any sorting algorithm you want)", "TaskFromLesson(any sorting algorithm you want)\TaskFromLesson(any sorting algorithm you want).csproj", "{7A262A61-A06B-4FA8-B381-95B7F47FED53}"
EndProject
Project("{9A19103F-16F7-4668-BE54-9A1E7A4F7556}") = "AdditionalTask2(String sorting)", "AdditionalTask2(String sorting)\AdditionalTask2(String sorting).csproj", "{C0B1FB13-365B-46B4-BCF7-9865A70B1EAC}"
EndProject
Project("{9A19103F-16F7-4668-BE54-9A1E7A4F7556}") = "Lesson3Task1(credit payments)", "Lesson3Task1(credit payments)\Lesson3Task1(credit payments).csproj", "{65171772-3184-4409-AB1E-AF18D890FE44}"
EndProject
Project("{9A19103F-16F7-4668-BE54-9A1E7A4F7556}") = "Lesson3AdditionalTask(palindrome)", "Lesson3AdditionalTask(palindrome)\Lesson3AdditionalTask(palindrome).csproj", "{D3F4AF73-2F68-4CAA-9E01-5376B946C484}"
EndProject
Project("{9A19103F-16F7-4668-BE54-9A1E7A4F7556}") = "Lesson3AdditionalTask(XOR example)", "Lesson3AdditionalTask(XOR example)\Lesson3AdditionalTask(XOR example).csproj", "{4F6DCE87-A409-428F-AC6B-0BC0F3CE14F9}"
EndProject
Project("{9A19103F-16F7-4668-BE54-9A1E7A4F7556}") = "Lesson3AdditionalTask(CheckedUncheked)", "Lesson3AdditionalTask(CheckedUncheked)\Lesson3AdditionalTask(CheckedUncheked).csproj", "{6479899D-1FBA-45BA-B189-608D1D7C9A3C}"
EndProject
Project("{9A19103F-16F7-4668-BE54-9A1E7A4F7556}") = "Lesson3AdditionalTask(Xor without Xor)", "Lesson3AdditionalTask(Xor without Xor)\Lesson3AdditionalTask(Xor without Xor).csproj", "{904DEBD0-A7F2-4D0A-BE8C-20A8FCCAD6AA}"
EndProject
Project("{9A19103F-16F7-4668-BE54-9A1E7A4F7556}") = "Lesson3AdditionalTask(Inversion without inversion)", "Lesson3AdditionalTask(Inversion without inversion)\Lesson3AdditionalTask(Inversion without inversion).csproj", "{07BE6868-0817-435D-8045-DB6A1E5F0A17}"
EndProject
Project("{9A19103F-16F7-4668-BE54-9A1E7A4F7556}") = "AdditionalTask3(QueueWithPriority)", "AdditionalTask3(QueueWithPriority)\AdditionalTask3(QueueWithPriority).csproj", "{103241B3-DB74-4099-BFA8-947EE2D78183}"
EndProject
Global
	GlobalSection(SolutionConfigurationPlatforms) = preSolution
		Debug|Any CPU = Debug|Any CPU
		Release|Any CPU = Release|Any CPU
	EndGlobalSection
	GlobalSection(ProjectConfigurationPlatforms) = postSolution
		{F9D4943A-660C-45EE-AA80-26A698039FCD}.Debug|Any CPU.ActiveCfg = Debug|Any CPU
		{F9D4943A-660C-45EE-AA80-26A698039FCD}.Debug|Any CPU.Build.0 = Debug|Any CPU
		{F9D4943A-660C-45EE-AA80-26A698039FCD}.Release|Any CPU.ActiveCfg = Release|Any CPU
		{F9D4943A-660C-45EE-AA80-26A698039FCD}.Release|Any CPU.Build.0 = Release|Any CPU
		{D7ED96A4-B99E-4D21-A432-1A00A04B5D63}.Debug|Any CPU.ActiveCfg = Debug|Any CPU
		{D7ED96A4-B99E-4D21-A432-1A00A04B5D63}.Debug|Any CPU.Build.0 = Debug|Any CPU
		{D7ED96A4-B99E-4D21-A432-1A00A04B5D63}.Release|Any CPU.ActiveCfg = Release|Any CPU
		{D7ED96A4-B99E-4D21-A432-1A00A04B5D63}.Release|Any CPU.Build.0 = Release|Any CPU
		{7A262A61-A06B-4FA8-B381-95B7F47FED53}.Debug|Any CPU.ActiveCfg = Debug|Any CPU
		{7A262A61-A06B-4FA8-B381-95B7F47FED53}.Debug|Any CPU.Build.0 = Debug|Any CPU
		{7A262A61-A06B-4FA8-B381-95B7F47FED53}.Release|Any CPU.ActiveCfg = Release|Any CPU
		{7A262A61-A06B-4FA8-B381-95B7F47FED53}.Release|Any CPU.Build.0 = Release|Any CPU
		{C0B1FB13-365B-46B4-BCF7-9865A70B1EAC}.Debug|Any CPU.ActiveCfg = Debug|Any CPU
		{C0B1FB13-365B-46B4-BCF7-9865A70B1EAC}.Debug|Any CPU.Build.0 = Debug|Any CPU
		{C0B1FB13-365B-46B4-BCF7-9865A70B1EAC}.Release|Any CPU.ActiveCfg = Release|Any CPU
		{C0B1FB13-365B-46B4-BCF7-9865A70B1EAC}.Release|Any CPU.Build.0 = Release|Any CPU
		{65171772-3184-4409-AB1E-AF18D890FE44}.Debug|Any CPU.ActiveCfg = Debug|Any CPU
		{65171772-3184-4409-AB1E-AF18D890FE44}.Debug|Any CPU.Build.0 = Debug|Any CPU
		{65171772-3184-4409-AB1E-AF18D890FE44}.Release|Any CPU.ActiveCfg = Release|Any CPU
		{65171772-3184-4409-AB1E-AF18D890FE44}.Release|Any CPU.Build.0 = Release|Any CPU
		{D3F4AF73-2F68-4CAA-9E01-5376B946C484}.Debug|Any CPU.ActiveCfg = Debug|Any CPU
		{D3F4AF73-2F68-4CAA-9E01-5376B946C484}.Debug|Any CPU.Build.0 = Debug|Any CPU
		{D3F4AF73-2F68-4CAA-9E01-5376B946C484}.Release|Any CPU.ActiveCfg = Release|Any CPU
		{D3F4AF73-2F68-4CAA-9E01-5376B946C484}.Release|Any CPU.Build.0 = Release|Any CPU
		{4F6DCE87-A409-428F-AC6B-0BC0F3CE14F9}.Debug|Any CPU.ActiveCfg = Debug|Any CPU
		{4F6DCE87-A409-428F-AC6B-0BC0F3CE14F9}.Debug|Any CPU.Build.0 = Debug|Any CPU
		{4F6DCE87-A409-428F-AC6B-0BC0F3CE14F9}.Release|Any CPU.ActiveCfg = Release|Any CPU
		{4F6DCE87-A409-428F-AC6B-0BC0F3CE14F9}.Release|Any CPU.Build.0 = Release|Any CPU
		{6479899D-1FBA-45BA-B189-608D1D7C9A3C}.Debug|Any CPU.ActiveCfg = Debug|Any CPU
		{6479899D-1FBA-45BA-B189-608D1D7C9A3C}.Debug|Any CPU.Build.0 = Debug|Any CPU
		{6479899D-1FBA-45BA-B189-608D1D7C9A3C}.Release|Any CPU.ActiveCfg = Release|Any CPU
		{6479899D-1FBA-45BA-B189-608D1D7C9A3C}.Release|Any CPU.Build.0 = Release|Any CPU
		{904DEBD0-A7F2-4D0A-BE8C-20A8FCCAD6AA}.Debug|Any CPU.ActiveCfg = Debug|Any CPU
		{904DEBD0-A7F2-4D0A-BE8C-20A8FCCAD6AA}.Debug|Any CPU.Build.0 = Debug|Any CPU
		{904DEBD0-A7F2-4D0A-BE8C-20A8FCCAD6AA}.Release|Any CPU.ActiveCfg = Release|Any CPU
		{904DEBD0-A7F2-4D0A-BE8C-20A8FCCAD6AA}.Release|Any CPU.Build.0 = Release|Any CPU
		{07BE6868-0817-435D-8045-DB6A1E5F0A17}.Debug|Any CPU.ActiveCfg = Debug|Any CPU
		{07BE6868-0817-435D-8045-DB6A1E5F0A17}.Debug|Any CPU.Build.0 = Debug|Any CPU
		{07BE6868-0817-435D-8045-DB6A1E5F0A17}.Release|Any CPU.ActiveCfg = Release|Any CPU
		{07BE6868-0817-435D-8045-DB6A1E5F0A17}.Release|Any CPU.Build.0 = Release|Any CPU
		{103241B3-DB74-4099-BFA8-947EE2D78183}.Debug|Any CPU.ActiveCfg = Debug|Any CPU
		{103241B3-DB74-4099-BFA8-947EE2D78183}.Debug|Any CPU.Build.0 = Debug|Any CPU
		{103241B3-DB74-4099-BFA8-947EE2D78183}.Release|Any CPU.ActiveCfg = Release|Any CPU
		{103241B3-DB74-4099-BFA8-947EE2D78183}.Release|Any CPU.Build.0 = Release|Any CPU
	EndGlobalSection
	GlobalSection(SolutionProperties) = preSolution
		HideSolutionNode = FALSE
	EndGlobalSection
	GlobalSection(ExtensibilityGlobals) = postSolution
		SolutionGuid = {8E79E9D7-A633-4FF0-8CE9-F930370E5ACB}
	EndGlobalSection
EndGlobal
